
Microsoft Visual Studio Solution File, Format Version 12.00
# Visual Studio 15
Project("{FAE04EC0-301F-11D3-BF4B-00C04F79EFBC}") = "Unity.Timeline", "Unity.Timeline.csproj", "{0C9E8FB7-4F6E-C852-F187-C757D8345C6B}"
EndProject
Project("{FAE04EC0-301F-11D3-BF4B-00C04F79EFBC}") = "Unity.Timeline.Editor", "Unity.Timeline.Editor.csproj", "{0D5BBD7F-2D76-5593-5734-02B2D0DCFB61}"
EndProject
Project("{FAE04EC0-301F-11D3-BF4B-00C04F79EFBC}") = "Unity.2D.Tilemap.Editor", "Unity.2D.Tilemap.Editor.csproj", "{C0E0250B-FD79-1A4A-F0EA-0039B5123A5E}"
EndProject
Project("{FAE04EC0-301F-11D3-BF4B-00C04F79EFBC}") = "Unity.TextMeshPro.Editor", "Unity.TextMeshPro.Editor.csproj", "{371A0685-F84C-97EB-D28D-C089E8033B66}"
EndProject
Project("{FAE04EC0-301F-11D3-BF4B-00C04F79EFBC}") = "Unity.2D.Aseprite.Editor", "Unity.2D.Aseprite.Editor.csproj", "{43483946-3522-C04F-AA4B-E14705E52E4C}"
EndProject
Project("{FAE04EC0-301F-11D3-BF4B-00C04F79EFBC}") = "Unity.VisualScripting.Flow", "Unity.VisualScripting.Flow.csproj", "{834C4CE2-19D6-A8B6-888B-FCA0B122AD6C}"
EndProject
Project("{FAE04EC0-301F-11D3-BF4B-00C04F79EFBC}") = "UnityEditor.UI", "UnityEditor.UI.csproj", "{FD6D0452-DB2B-D4E5-6C16-F8D973010C94}"
EndProject
Project("{FAE04EC0-301F-11D3-BF4B-00C04F79EFBC}") = "Unity.PlasticSCM.Editor", "Unity.PlasticSCM.Editor.csproj", "{6E4B3A56-0910-9946-0B43-F4C7F77C09A8}"
EndProject
Project("{FAE04EC0-301F-11D3-BF4B-00C04F79EFBC}") = "Unity.2D.Psdimporter.Editor", "Unity.2D.Psdimporter.Editor.csproj", "{9DD7791E-BA50-2AC7-AB94-7DE4D9C9EEDE}"
EndProject
Project("{FAE04EC0-301F-11D3-BF4B-00C04F79EFBC}") = "Unity.VisualScripting.Core", "Unity.VisualScripting.Core.csproj", "{67062A38-F0FF-5B2D-85AE-5FC188481EFC}"
EndProject
Project("{FAE04EC0-301F-11D3-BF4B-00C04F79EFBC}") = "Unity.Mathematics", "Unity.Mathematics.csproj", "{C7881FD9-5091-8CDF-6ECE-F2E441DDCAB5}"
EndProject
Project("{FAE04EC0-301F-11D3-BF4B-00C04F79EFBC}") = "Unity.2D.Animation.Editor", "Unity.2D.Animation.Editor.csproj", "{3FC8E35E-1258-EBF6-53F7-B0B750111308}"
EndProject
Project("{FAE04EC0-301F-11D3-BF4B-00C04F79EFBC}") = "Unity.2D.Common.Path.Editor", "Unity.2D.Common.Path.Editor.csproj", "{166FA48D-A047-399E-0C1E-CC22992F7B8E}"
EndProject
Project("{FAE04EC0-301F-11D3-BF4B-00C04F79EFBC}") = "Unity.VisualScripting.Core.Editor", "Unity.VisualScripting.Core.Editor.csproj", "{B446F748-C2A2-764E-676C-E00809BC8811}"
EndProject
Project("{FAE04EC0-301F-11D3-BF4B-00C04F79EFBC}") = "Unity.2D.IK.Runtime", "Unity.2D.IK.Runtime.csproj", "{51555BD3-978D-1D51-A333-2DA5A5045299}"
EndProject
Project("{FAE04EC0-301F-11D3-BF4B-00C04F79EFBC}") = "Unity.VisualScripting.Flow.Editor", "Unity.VisualScripting.Flow.Editor.csproj", "{68B07204-8939-32BB-E626-80842213730A}"
EndProject
Project("{FAE04EC0-301F-11D3-BF4B-00C04F79EFBC}") = "UnityEditor.TestRunner", "UnityEditor.TestRunner.csproj", "{33B669C4-3F47-CF1E-0666-EF6835A2204D}"
EndProject
Project("{FAE04EC0-301F-11D3-BF4B-00C04F79EFBC}") = "Unity.VisualScripting.SettingsProvider.Editor", "Unity.VisualScripting.SettingsProvider.Editor.csproj", "{C16DEF55-B75A-2565-EF02-F1B9D749D908}"
EndProject
Project("{FAE04EC0-301F-11D3-BF4B-00C04F79EFBC}") = "UnityEngine.TestRunner", "UnityEngine.TestRunner.csproj", "{0244E078-1632-8AB7-05D4-B3387AB28977}"
EndProject
Project("{FAE04EC0-301F-11D3-BF4B-00C04F79EFBC}") = "PsdPlugin", "PsdPlugin.csproj", "{4EBEDF13-8AC1-CC77-BE92-7CDDA612B525}"
EndProject
Project("{FAE04EC0-301F-11D3-BF4B-00C04F79EFBC}") = "Unity.Burst", "Unity.Burst.csproj", "{DA7FD71E-BD1E-8BA2-5A4D-310929505940}"
EndProject
Project("{FAE04EC0-301F-11D3-BF4B-00C04F79EFBC}") = "UnityEngine.UI", "UnityEngine.UI.csproj", "{A9143C55-86AE-5344-6557-476B11DD8F9B}"
EndProject
Project("{FAE04EC0-301F-11D3-BF4B-00C04F79EFBC}") = "Unity.2D.SpriteShape.Editor", "Unity.2D.SpriteShape.Editor.csproj", "{19F300E4-8F7A-B62D-24BC-3424094BF06D}"
EndProject
Project("{FAE04EC0-301F-11D3-BF4B-00C04F79EFBC}") = "Unity.Collections", "Unity.Collections.csproj", "{1AB51246-67BA-7061-5872-42CF5B5E60E5}"
EndProject
Project("{FAE04EC0-301F-11D3-BF4B-00C04F79EFBC}") = "Unity.VisualStudio.Editor", "Unity.VisualStudio.Editor.csproj", "{543FBE84-945A-4440-D2CD-84D6827504FA}"
EndProject
Project("{FAE04EC0-301F-11D3-BF4B-00C04F79EFBC}") = "Unity.2D.Tilemap.Extras.Editor", "Unity.2D.Tilemap.Extras.Editor.csproj", "{BC164A3B-52E5-75F9-C499-768286792D36}"
EndProject
Project("{FAE04EC0-301F-11D3-BF4B-00C04F79EFBC}") = "Unity.Rider.Editor", "Unity.Rider.Editor.csproj", "{F650C6FE-BE4F-8914-A010-4BB3967EF2ED}"
EndProject
Project("{FAE04EC0-301F-11D3-BF4B-00C04F79EFBC}") = "Unity.InternalAPIEditorBridge.001", "Unity.InternalAPIEditorBridge.001.csproj", "{3CA46874-5CDB-9F40-A02D-C76C8298FADA}"
EndProject
Project("{FAE04EC0-301F-11D3-BF4B-00C04F79EFBC}") = "Unity.2D.SpriteShape.Runtime", "Unity.2D.SpriteShape.Runtime.csproj", "{8E76A5A9-773E-1CD6-AE9C-4CEAB911E9D2}"
EndProject
Project("{FAE04EC0-301F-11D3-BF4B-00C04F79EFBC}") = "Unity.VisualScripting.State.Editor", "Unity.VisualScripting.State.Editor.csproj", "{E1554D6F-6068-5D5E-738A-B929BF060AB7}"
EndProject
Project("{FAE04EC0-301F-11D3-BF4B-00C04F79EFBC}") = "Unity.2D.Animation.Runtime", "Unity.2D.Animation.Runtime.csproj", "{CA157859-4FB1-DEA5-62CB-2B199EAC370F}"
EndProject
Project("{FAE04EC0-301F-11D3-BF4B-00C04F79EFBC}") = "Unity.Burst.CodeGen", "Unity.Burst.CodeGen.csproj", "{2545D9E4-0EF5-0DB6-9B39-A43C159A6BDF}"
EndProject
Project("{FAE04EC0-301F-11D3-BF4B-00C04F79EFBC}") = "Unity.2D.Tilemap.Extras", "Unity.2D.Tilemap.Extras.csproj", "{F426D4AD-440F-F4A5-244B-226C9F663481}"
EndProject
Project("{FAE04EC0-301F-11D3-BF4B-00C04F79EFBC}") = "Unity.VisualScripting.State", "Unity.VisualScripting.State.csproj", "{C4262290-F655-6E6D-109F-DCF5D93998DA}"
EndProject
Project("{FAE04EC0-301F-11D3-BF4B-00C04F79EFBC}") = "Unity.TextMeshPro", "Unity.TextMeshPro.csproj", "{578BFD9F-C6AE-B573-4DB1-E2FB62035AA8}"
EndProject
Project("{FAE04EC0-301F-11D3-BF4B-00C04F79EFBC}") = "Unity.2D.Aseprite.Common", "Unity.2D.Aseprite.Common.csproj", "{2E07F28E-45E7-CB0F-886F-0C25813139C9}"
EndProject
Project("{FAE04EC0-301F-11D3-BF4B-00C04F79EFBC}") = "Unity.2D.IK.Editor", "Unity.2D.IK.Editor.csproj", "{292C6AD4-B612-F8CB-D297-023C4E0156E1}"
EndProject
Project("{FAE04EC0-301F-11D3-BF4B-00C04F79EFBC}") = "Unity.InternalAPIEngineBridge.001", "Unity.InternalAPIEngineBridge.001.csproj", "{82DCD576-3808-3154-F34E-E06787624148}"
EndProject
Project("{FAE04EC0-301F-11D3-BF4B-00C04F79EFBC}") = "Unity.Burst.Editor", "Unity.Burst.Editor.csproj", "{E8363577-37B9-F95E-0BCA-B8BC378A90FF}"
EndProject
Project("{FAE04EC0-301F-11D3-BF4B-00C04F79EFBC}") = "Unity.2D.Common.Editor", "Unity.2D.Common.Editor.csproj", "{DA2DBFDD-A499-5ACB-7732-9917C52AC186}"
EndProject
Project("{FAE04EC0-301F-11D3-BF4B-00C04F79EFBC}") = "Unity.2D.Sprite.Editor", "Unity.2D.Sprite.Editor.csproj", "{33ADB411-7B11-EDD1-1C2C-EB1CD3A5D2C7}"
EndProject
Project("{FAE04EC0-301F-11D3-BF4B-00C04F79EFBC}") = "Unity.2D.PixelPerfect", "Unity.2D.PixelPerfect.csproj", "{4575B5AE-90D2-DED7-90CD-263F39934A57}"
EndProject
Project("{FAE04EC0-301F-11D3-BF4B-00C04F79EFBC}") = "Unity.2D.PixelPerfect.Editor", "Unity.2D.PixelPerfect.Editor.csproj", "{F7C8536F-7D6E-27F2-6784-4CA63D551A73}"
EndProject
Project("{FAE04EC0-301F-11D3-BF4B-00C04F79EFBC}") = "Unity.2D.Common.Runtime", "Unity.2D.Common.Runtime.csproj", "{BB0E85AB-CFBF-D0DB-B7BE-00BEBBC8CDAB}"
EndProject
Project("{FAE04EC0-301F-11D3-BF4B-00C04F79EFBC}") = "Unity.Mathematics.Editor", "Unity.Mathematics.Editor.csproj", "{6F824858-CF9D-D330-C82F-42B7F908E9FC}"
EndProject
Project("{FAE04EC0-301F-11D3-BF4B-00C04F79EFBC}") = "Unity.Collections.BurstCompatibilityGen", "Unity.Collections.BurstCompatibilityGen.csproj", "{FB2778D5-DD6D-71AD-DC9F-9B2ABF08BAAA}"
EndProject
Project("{FAE04EC0-301F-11D3-BF4B-00C04F79EFBC}") = "Unity.InternalAPIEditorBridge.005", "Unity.InternalAPIEditorBridge.005.csproj", "{63B04653-6F8F-E05F-103C-4D0C1FBF404D}"
EndProject
Project("{FAE04EC0-301F-11D3-BF4B-00C04F79EFBC}") = "Unity.VisualScripting.Shared.Editor", "Unity.VisualScripting.Shared.Editor.csproj", "{C3AC380A-F511-4A99-4DAD-12FC5081E506}"
EndProject
Project("{FAE04EC0-301F-11D3-BF4B-00C04F79EFBC}") = "Unity.Collections.DocCodeSamples", "Unity.Collections.DocCodeSamples.csproj", "{62D0FB29-FF81-893B-F0F7-034C4ACB62F6}"
EndProject
Project("{FAE04EC0-301F-11D3-BF4B-00C04F79EFBC}") = "Unity.CollabProxy.Editor", "Unity.CollabProxy.Editor.csproj", "{E1E2398B-BDE2-0AED-33D0-30EA7365B732}"
EndProject
Project("{FAE04EC0-301F-11D3-BF4B-00C04F79EFBC}") = "Unity.Timeline", "Unity.Timeline.Player.csproj", "{A02A26D3-B9DC-6F4D-D2EB-0FABEA8F8698}"
EndProject
Project("{FAE04EC0-301F-11D3-BF4B-00C04F79EFBC}") = "Unity.VisualScripting.Flow", "Unity.VisualScripting.Flow.Player.csproj", "{1C993B33-6B01-FB3F-F9B4-8654B20A8296}"
EndProject
Project("{FAE04EC0-301F-11D3-BF4B-00C04F79EFBC}") = "Unity.VisualScripting.Core", "Unity.VisualScripting.Core.Player.csproj", "{5EDBF63A-15FB-8806-053C-F483918B1450}"
EndProject
Project("{FAE04EC0-301F-11D3-BF4B-00C04F79EFBC}") = "Unity.Mathematics", "Unity.Mathematics.Player.csproj", "{3070352D-8E23-EF3C-3DF4-825F5B880E35}"
EndProject
Project("{FAE04EC0-301F-11D3-BF4B-00C04F79EFBC}") = "Unity.2D.IK.Runtime", "Unity.2D.IK.Runtime.Player.csproj", "{EA58C9A6-9F8F-06C8-813E-2EF55C639C83}"
EndProject
Project("{FAE04EC0-301F-11D3-BF4B-00C04F79EFBC}") = "UnityEngine.TestRunner", "UnityEngine.TestRunner.Player.csproj", "{B96B5D27-3ABB-190C-61D9-7769DA33F68D}"
EndProject
Project("{FAE04EC0-301F-11D3-BF4B-00C04F79EFBC}") = "Unity.Burst", "Unity.Burst.Player.csproj", "{9588A16D-88F8-2894-A57C-53AC64213663}"
EndProject
Project("{FAE04EC0-301F-11D3-BF4B-00C04F79EFBC}") = "UnityEngine.UI", "UnityEngine.UI.Player.csproj", "{2361812E-5B6C-CDA8-0643-C574C4B3C358}"
EndProject
Project("{FAE04EC0-301F-11D3-BF4B-00C04F79EFBC}") = "Unity.Collections", "Unity.Collections.Player.csproj", "{5BB0588C-47EE-52AF-047B-16B8E98E4F07}"
EndProject
Project("{FAE04EC0-301F-11D3-BF4B-00C04F79EFBC}") = "Unity.2D.SpriteShape.Runtime", "Unity.2D.SpriteShape.Runtime.Player.csproj", "{D4EA46CF-1B45-3AD1-3C89-83FD06C6204E}"
EndProject
Project("{FAE04EC0-301F-11D3-BF4B-00C04F79EFBC}") = "Unity.2D.Animation.Runtime", "Unity.2D.Animation.Runtime.Player.csproj", "{AEBB3574-1DA4-67F0-0F57-E64A7423CE34}"
EndProject
Project("{FAE04EC0-301F-11D3-BF4B-00C04F79EFBC}") = "Unity.2D.Tilemap.Extras", "Unity.2D.Tilemap.Extras.Player.csproj", "{96FC6D36-6BF0-C3C6-BB9B-1B1DDB049F62}"
EndProject
Project("{FAE04EC0-301F-11D3-BF4B-00C04F79EFBC}") = "Unity.VisualScripting.State", "Unity.VisualScripting.State.Player.csproj", "{110174FC-DA55-B0BA-B63C-00D94C20E17B}"
EndProject
Project("{FAE04EC0-301F-11D3-BF4B-00C04F79EFBC}") = "Unity.TextMeshPro", "Unity.TextMeshPro.Player.csproj", "{A8A9431D-C5A9-3B44-0829-9B076BB8B995}"
EndProject
Project("{FAE04EC0-301F-11D3-BF4B-00C04F79EFBC}") = "Unity.InternalAPIEngineBridge.001", "Unity.InternalAPIEngineBridge.001.Player.csproj", "{AD107979-33E0-9EB7-CC6E-293F7A2B9CCA}"
EndProject
Project("{FAE04EC0-301F-11D3-BF4B-00C04F79EFBC}") = "Unity.2D.PixelPerfect", "Unity.2D.PixelPerfect.Player.csproj", "{9A2B4E2E-3020-2224-C4DB-EDB0EEB61643}"
EndProject
Project("{FAE04EC0-301F-11D3-BF4B-00C04F79EFBC}") = "Unity.2D.Common.Runtime", "Unity.2D.Common.Runtime.Player.csproj", "{EAB2104F-96F4-3870-7FC4-2689F222443D}"
EndProject
Global
	GlobalSection(SolutionConfigurationPlatforms) = preSolution
		Debug|Any CPU = Debug|Any CPU
		Release|Any CPU = Release|Any CPU
	EndGlobalSection
	GlobalSection(ProjectConfigurationPlatforms) = postSolution
		{0C9E8FB7-4F6E-C852-F187-C757D8345C6B}.Debug|Any CPU.ActiveCfg = Debug|Any CPU
		{0C9E8FB7-4F6E-C852-F187-C757D8345C6B}.Debug|Any CPU.Build.0 = Debug|Any CPU
		{0C9E8FB7-4F6E-C852-F187-C757D8345C6B}.Release|Any CPU.ActiveCfg = Release|Any CPU
		{0C9E8FB7-4F6E-C852-F187-C757D8345C6B}.Release|Any CPU.Build.0 = Release|Any CPU
		{0D5BBD7F-2D76-5593-5734-02B2D0DCFB61}.Debug|Any CPU.ActiveCfg = Debug|Any CPU
		{0D5BBD7F-2D76-5593-5734-02B2D0DCFB61}.Debug|Any CPU.Build.0 = Debug|Any CPU
		{0D5BBD7F-2D76-5593-5734-02B2D0DCFB61}.Release|Any CPU.ActiveCfg = Release|Any CPU
		{0D5BBD7F-2D76-5593-5734-02B2D0DCFB61}.Release|Any CPU.Build.0 = Release|Any CPU
		{C0E0250B-FD79-1A4A-F0EA-0039B5123A5E}.Debug|Any CPU.ActiveCfg = Debug|Any CPU
		{C0E0250B-FD79-1A4A-F0EA-0039B5123A5E}.Debug|Any CPU.Build.0 = Debug|Any CPU
		{C0E0250B-FD79-1A4A-F0EA-0039B5123A5E}.Release|Any CPU.ActiveCfg = Release|Any CPU
		{C0E0250B-FD79-1A4A-F0EA-0039B5123A5E}.Release|Any CPU.Build.0 = Release|Any CPU
		{371A0685-F84C-97EB-D28D-C089E8033B66}.Debug|Any CPU.ActiveCfg = Debug|Any CPU
		{371A0685-F84C-97EB-D28D-C089E8033B66}.Debug|Any CPU.Build.0 = Debug|Any CPU
		{371A0685-F84C-97EB-D28D-C089E8033B66}.Release|Any CPU.ActiveCfg = Release|Any CPU
		{371A0685-F84C-97EB-D28D-C089E8033B66}.Release|Any CPU.Build.0 = Release|Any CPU
		{43483946-3522-C04F-AA4B-E14705E52E4C}.Debug|Any CPU.ActiveCfg = Debug|Any CPU
		{43483946-3522-C04F-AA4B-E14705E52E4C}.Debug|Any CPU.Build.0 = Debug|Any CPU
		{43483946-3522-C04F-AA4B-E14705E52E4C}.Release|Any CPU.ActiveCfg = Release|Any CPU
		{43483946-3522-C04F-AA4B-E14705E52E4C}.Release|Any CPU.Build.0 = Release|Any CPU
		{834C4CE2-19D6-A8B6-888B-FCA0B122AD6C}.Debug|Any CPU.ActiveCfg = Debug|Any CPU
		{834C4CE2-19D6-A8B6-888B-FCA0B122AD6C}.Debug|Any CPU.Build.0 = Debug|Any CPU
		{834C4CE2-19D6-A8B6-888B-FCA0B122AD6C}.Release|Any CPU.ActiveCfg = Release|Any CPU
		{834C4CE2-19D6-A8B6-888B-FCA0B122AD6C}.Release|Any CPU.Build.0 = Release|Any CPU
		{FD6D0452-DB2B-D4E5-6C16-F8D973010C94}.Debug|Any CPU.ActiveCfg = Debug|Any CPU
		{FD6D0452-DB2B-D4E5-6C16-F8D973010C94}.Debug|Any CPU.Build.0 = Debug|Any CPU
		{FD6D0452-DB2B-D4E5-6C16-F8D973010C94}.Release|Any CPU.ActiveCfg = Release|Any CPU
		{FD6D0452-DB2B-D4E5-6C16-F8D973010C94}.Release|Any CPU.Build.0 = Release|Any CPU
		{6E4B3A56-0910-9946-0B43-F4C7F77C09A8}.Debug|Any CPU.ActiveCfg = Debug|Any CPU
		{6E4B3A56-0910-9946-0B43-F4C7F77C09A8}.Debug|Any CPU.Build.0 = Debug|Any CPU
		{6E4B3A56-0910-9946-0B43-F4C7F77C09A8}.Release|Any CPU.ActiveCfg = Release|Any CPU
		{6E4B3A56-0910-9946-0B43-F4C7F77C09A8}.Release|Any CPU.Build.0 = Release|Any CPU
		{9DD7791E-BA50-2AC7-AB94-7DE4D9C9EEDE}.Debug|Any CPU.ActiveCfg = Debug|Any CPU
		{9DD7791E-BA50-2AC7-AB94-7DE4D9C9EEDE}.Debug|Any CPU.Build.0 = Debug|Any CPU
		{9DD7791E-BA50-2AC7-AB94-7DE4D9C9EEDE}.Release|Any CPU.ActiveCfg = Release|Any CPU
		{9DD7791E-BA50-2AC7-AB94-7DE4D9C9EEDE}.Release|Any CPU.Build.0 = Release|Any CPU
		{67062A38-F0FF-5B2D-85AE-5FC188481EFC}.Debug|Any CPU.ActiveCfg = Debug|Any CPU
		{67062A38-F0FF-5B2D-85AE-5FC188481EFC}.Debug|Any CPU.Build.0 = Debug|Any CPU
		{67062A38-F0FF-5B2D-85AE-5FC188481EFC}.Release|Any CPU.ActiveCfg = Release|Any CPU
		{67062A38-F0FF-5B2D-85AE-5FC188481EFC}.Release|Any CPU.Build.0 = Release|Any CPU
		{C7881FD9-5091-8CDF-6ECE-F2E441DDCAB5}.Debug|Any CPU.ActiveCfg = Debug|Any CPU
		{C7881FD9-5091-8CDF-6ECE-F2E441DDCAB5}.Debug|Any CPU.Build.0 = Debug|Any CPU
		{C7881FD9-5091-8CDF-6ECE-F2E441DDCAB5}.Release|Any CPU.ActiveCfg = Release|Any CPU
		{C7881FD9-5091-8CDF-6ECE-F2E441DDCAB5}.Release|Any CPU.Build.0 = Release|Any CPU
		{3FC8E35E-1258-EBF6-53F7-B0B750111308}.Debug|Any CPU.ActiveCfg = Debug|Any CPU
		{3FC8E35E-1258-EBF6-53F7-B0B750111308}.Debug|Any CPU.Build.0 = Debug|Any CPU
		{3FC8E35E-1258-EBF6-53F7-B0B750111308}.Release|Any CPU.ActiveCfg = Release|Any CPU
		{3FC8E35E-1258-EBF6-53F7-B0B750111308}.Release|Any CPU.Build.0 = Release|Any CPU
		{166FA48D-A047-399E-0C1E-CC22992F7B8E}.Debug|Any CPU.ActiveCfg = Debug|Any CPU
		{166FA48D-A047-399E-0C1E-CC22992F7B8E}.Debug|Any CPU.Build.0 = Debug|Any CPU
		{166FA48D-A047-399E-0C1E-CC22992F7B8E}.Release|Any CPU.ActiveCfg = Release|Any CPU
		{166FA48D-A047-399E-0C1E-CC22992F7B8E}.Release|Any CPU.Build.0 = Release|Any CPU
		{B446F748-C2A2-764E-676C-E00809BC8811}.Debug|Any CPU.ActiveCfg = Debug|Any CPU
		{B446F748-C2A2-764E-676C-E00809BC8811}.Debug|Any CPU.Build.0 = Debug|Any CPU
		{B446F748-C2A2-764E-676C-E00809BC8811}.Release|Any CPU.ActiveCfg = Release|Any CPU
		{B446F748-C2A2-764E-676C-E00809BC8811}.Release|Any CPU.Build.0 = Release|Any CPU
		{51555BD3-978D-1D51-A333-2DA5A5045299}.Debug|Any CPU.ActiveCfg = Debug|Any CPU
		{51555BD3-978D-1D51-A333-2DA5A5045299}.Debug|Any CPU.Build.0 = Debug|Any CPU
		{51555BD3-978D-1D51-A333-2DA5A5045299}.Release|Any CPU.ActiveCfg = Release|Any CPU
		{51555BD3-978D-1D51-A333-2DA5A5045299}.Release|Any CPU.Build.0 = Release|Any CPU
		{68B07204-8939-32BB-E626-80842213730A}.Debug|Any CPU.ActiveCfg = Debug|Any CPU
		{68B07204-8939-32BB-E626-80842213730A}.Debug|Any CPU.Build.0 = Debug|Any CPU
		{68B07204-8939-32BB-E626-80842213730A}.Release|Any CPU.ActiveCfg = Release|Any CPU
		{68B07204-8939-32BB-E626-80842213730A}.Release|Any CPU.Build.0 = Release|Any CPU
		{33B669C4-3F47-CF1E-0666-EF6835A2204D}.Debug|Any CPU.ActiveCfg = Debug|Any CPU
		{33B669C4-3F47-CF1E-0666-EF6835A2204D}.Debug|Any CPU.Build.0 = Debug|Any CPU
		{33B669C4-3F47-CF1E-0666-EF6835A2204D}.Release|Any CPU.ActiveCfg = Release|Any CPU
		{33B669C4-3F47-CF1E-0666-EF6835A2204D}.Release|Any CPU.Build.0 = Release|Any CPU
		{C16DEF55-B75A-2565-EF02-F1B9D749D908}.Debug|Any CPU.ActiveCfg = Debug|Any CPU
		{C16DEF55-B75A-2565-EF02-F1B9D749D908}.Debug|Any CPU.Build.0 = Debug|Any CPU
		{C16DEF55-B75A-2565-EF02-F1B9D749D908}.Release|Any CPU.ActiveCfg = Release|Any CPU
		{C16DEF55-B75A-2565-EF02-F1B9D749D908}.Release|Any CPU.Build.0 = Release|Any CPU
		{0244E078-1632-8AB7-05D4-B3387AB28977}.Debug|Any CPU.ActiveCfg = Debug|Any CPU
		{0244E078-1632-8AB7-05D4-B3387AB28977}.Debug|Any CPU.Build.0 = Debug|Any CPU
		{0244E078-1632-8AB7-05D4-B3387AB28977}.Release|Any CPU.ActiveCfg = Release|Any CPU
		{0244E078-1632-8AB7-05D4-B3387AB28977}.Release|Any CPU.Build.0 = Release|Any CPU
		{4EBEDF13-8AC1-CC77-BE92-7CDDA612B525}.Debug|Any CPU.ActiveCfg = Debug|Any CPU
		{4EBEDF13-8AC1-CC77-BE92-7CDDA612B525}.Debug|Any CPU.Build.0 = Debug|Any CPU
		{4EBEDF13-8AC1-CC77-BE92-7CDDA612B525}.Release|Any CPU.ActiveCfg = Release|Any CPU
		{4EBEDF13-8AC1-CC77-BE92-7CDDA612B525}.Release|Any CPU.Build.0 = Release|Any CPU
		{DA7FD71E-BD1E-8BA2-5A4D-310929505940}.Debug|Any CPU.ActiveCfg = Debug|Any CPU
		{DA7FD71E-BD1E-8BA2-5A4D-310929505940}.Debug|Any CPU.Build.0 = Debug|Any CPU
		{DA7FD71E-BD1E-8BA2-5A4D-310929505940}.Release|Any CPU.ActiveCfg = Release|Any CPU
		{DA7FD71E-BD1E-8BA2-5A4D-310929505940}.Release|Any CPU.Build.0 = Release|Any CPU
		{A9143C55-86AE-5344-6557-476B11DD8F9B}.Debug|Any CPU.ActiveCfg = Debug|Any CPU
		{A9143C55-86AE-5344-6557-476B11DD8F9B}.Debug|Any CPU.Build.0 = Debug|Any CPU
		{A9143C55-86AE-5344-6557-476B11DD8F9B}.Release|Any CPU.ActiveCfg = Release|Any CPU
		{A9143C55-86AE-5344-6557-476B11DD8F9B}.Release|Any CPU.Build.0 = Release|Any CPU
		{19F300E4-8F7A-B62D-24BC-3424094BF06D}.Debug|Any CPU.ActiveCfg = Debug|Any CPU
		{19F300E4-8F7A-B62D-24BC-3424094BF06D}.Debug|Any CPU.Build.0 = Debug|Any CPU
		{19F300E4-8F7A-B62D-24BC-3424094BF06D}.Release|Any CPU.ActiveCfg = Release|Any CPU
		{19F300E4-8F7A-B62D-24BC-3424094BF06D}.Release|Any CPU.Build.0 = Release|Any CPU
		{1AB51246-67BA-7061-5872-42CF5B5E60E5}.Debug|Any CPU.ActiveCfg = Debug|Any CPU
		{1AB51246-67BA-7061-5872-42CF5B5E60E5}.Debug|Any CPU.Build.0 = Debug|Any CPU
		{1AB51246-67BA-7061-5872-42CF5B5E60E5}.Release|Any CPU.ActiveCfg = Release|Any CPU
		{1AB51246-67BA-7061-5872-42CF5B5E60E5}.Release|Any CPU.Build.0 = Release|Any CPU
		{543FBE84-945A-4440-D2CD-84D6827504FA}.Debug|Any CPU.ActiveCfg = Debug|Any CPU
		{543FBE84-945A-4440-D2CD-84D6827504FA}.Debug|Any CPU.Build.0 = Debug|Any CPU
		{543FBE84-945A-4440-D2CD-84D6827504FA}.Release|Any CPU.ActiveCfg = Release|Any CPU
		{543FBE84-945A-4440-D2CD-84D6827504FA}.Release|Any CPU.Build.0 = Release|Any CPU
		{BC164A3B-52E5-75F9-C499-768286792D36}.Debug|Any CPU.ActiveCfg = Debug|Any CPU
		{BC164A3B-52E5-75F9-C499-768286792D36}.Debug|Any CPU.Build.0 = Debug|Any CPU
		{BC164A3B-52E5-75F9-C499-768286792D36}.Release|Any CPU.ActiveCfg = Release|Any CPU
		{BC164A3B-52E5-75F9-C499-768286792D36}.Release|Any CPU.Build.0 = Release|Any CPU
		{F650C6FE-BE4F-8914-A010-4BB3967EF2ED}.Debug|Any CPU.ActiveCfg = Debug|Any CPU
		{F650C6FE-BE4F-8914-A010-4BB3967EF2ED}.Debug|Any CPU.Build.0 = Debug|Any CPU
		{F650C6FE-BE4F-8914-A010-4BB3967EF2ED}.Release|Any CPU.ActiveCfg = Release|Any CPU
		{F650C6FE-BE4F-8914-A010-4BB3967EF2ED}.Release|Any CPU.Build.0 = Release|Any CPU
		{3CA46874-5CDB-9F40-A02D-C76C8298FADA}.Debug|Any CPU.ActiveCfg = Debug|Any CPU
		{3CA46874-5CDB-9F40-A02D-C76C8298FADA}.Debug|Any CPU.Build.0 = Debug|Any CPU
		{3CA46874-5CDB-9F40-A02D-C76C8298FADA}.Release|Any CPU.ActiveCfg = Release|Any CPU
		{3CA46874-5CDB-9F40-A02D-C76C8298FADA}.Release|Any CPU.Build.0 = Release|Any CPU
		{8E76A5A9-773E-1CD6-AE9C-4CEAB911E9D2}.Debug|Any CPU.ActiveCfg = Debug|Any CPU
		{8E76A5A9-773E-1CD6-AE9C-4CEAB911E9D2}.Debug|Any CPU.Build.0 = Debug|Any CPU
		{8E76A5A9-773E-1CD6-AE9C-4CEAB911E9D2}.Release|Any CPU.ActiveCfg = Release|Any CPU
		{8E76A5A9-773E-1CD6-AE9C-4CEAB911E9D2}.Release|Any CPU.Build.0 = Release|Any CPU
		{E1554D6F-6068-5D5E-738A-B929BF060AB7}.Debug|Any CPU.ActiveCfg = Debug|Any CPU
		{E1554D6F-6068-5D5E-738A-B929BF060AB7}.Debug|Any CPU.Build.0 = Debug|Any CPU
		{E1554D6F-6068-5D5E-738A-B929BF060AB7}.Release|Any CPU.ActiveCfg = Release|Any CPU
		{E1554D6F-6068-5D5E-738A-B929BF060AB7}.Release|Any CPU.Build.0 = Release|Any CPU
		{CA157859-4FB1-DEA5-62CB-2B199EAC370F}.Debug|Any CPU.ActiveCfg = Debug|Any CPU
		{CA157859-4FB1-DEA5-62CB-2B199EAC370F}.Debug|Any CPU.Build.0 = Debug|Any CPU
		{CA157859-4FB1-DEA5-62CB-2B199EAC370F}.Release|Any CPU.ActiveCfg = Release|Any CPU
		{CA157859-4FB1-DEA5-62CB-2B199EAC370F}.Release|Any CPU.Build.0 = Release|Any CPU
		{2545D9E4-0EF5-0DB6-9B39-A43C159A6BDF}.Debug|Any CPU.ActiveCfg = Debug|Any CPU
		{2545D9E4-0EF5-0DB6-9B39-A43C159A6BDF}.Debug|Any CPU.Build.0 = Debug|Any CPU
		{2545D9E4-0EF5-0DB6-9B39-A43C159A6BDF}.Release|Any CPU.ActiveCfg = Release|Any CPU
		{2545D9E4-0EF5-0DB6-9B39-A43C159A6BDF}.Release|Any CPU.Build.0 = Release|Any CPU
		{F426D4AD-440F-F4A5-244B-226C9F663481}.Debug|Any CPU.ActiveCfg = Debug|Any CPU
		{F426D4AD-440F-F4A5-244B-226C9F663481}.Debug|Any CPU.Build.0 = Debug|Any CPU
		{F426D4AD-440F-F4A5-244B-226C9F663481}.Release|Any CPU.ActiveCfg = Release|Any CPU
		{F426D4AD-440F-F4A5-244B-226C9F663481}.Release|Any CPU.Build.0 = Release|Any CPU
		{C4262290-F655-6E6D-109F-DCF5D93998DA}.Debug|Any CPU.ActiveCfg = Debug|Any CPU
		{C4262290-F655-6E6D-109F-DCF5D93998DA}.Debug|Any CPU.Build.0 = Debug|Any CPU
		{C4262290-F655-6E6D-109F-DCF5D93998DA}.Release|Any CPU.ActiveCfg = Release|Any CPU
		{C4262290-F655-6E6D-109F-DCF5D93998DA}.Release|Any CPU.Build.0 = Release|Any CPU
		{578BFD9F-C6AE-B573-4DB1-E2FB62035AA8}.Debug|Any CPU.ActiveCfg = Debug|Any CPU
		{578BFD9F-C6AE-B573-4DB1-E2FB62035AA8}.Debug|Any CPU.Build.0 = Debug|Any CPU
		{578BFD9F-C6AE-B573-4DB1-E2FB62035AA8}.Release|Any CPU.ActiveCfg = Release|Any CPU
		{578BFD9F-C6AE-B573-4DB1-E2FB62035AA8}.Release|Any CPU.Build.0 = Release|Any CPU
		{2E07F28E-45E7-CB0F-886F-0C25813139C9}.Debug|Any CPU.ActiveCfg = Debug|Any CPU
		{2E07F28E-45E7-CB0F-886F-0C25813139C9}.Debug|Any CPU.Build.0 = Debug|Any CPU
		{2E07F28E-45E7-CB0F-886F-0C25813139C9}.Release|Any CPU.ActiveCfg = Release|Any CPU
		{2E07F28E-45E7-CB0F-886F-0C25813139C9}.Release|Any CPU.Build.0 = Release|Any CPU
		{292C6AD4-B612-F8CB-D297-023C4E0156E1}.Debug|Any CPU.ActiveCfg = Debug|Any CPU
		{292C6AD4-B612-F8CB-D297-023C4E0156E1}.Debug|Any CPU.Build.0 = Debug|Any CPU
		{292C6AD4-B612-F8CB-D297-023C4E0156E1}.Release|Any CPU.ActiveCfg = Release|Any CPU
		{292C6AD4-B612-F8CB-D297-023C4E0156E1}.Release|Any CPU.Build.0 = Release|Any CPU
		{82DCD576-3808-3154-F34E-E06787624148}.Debug|Any CPU.ActiveCfg = Debug|Any CPU
		{82DCD576-3808-3154-F34E-E06787624148}.Debug|Any CPU.Build.0 = Debug|Any CPU
		{82DCD576-3808-3154-F34E-E06787624148}.Release|Any CPU.ActiveCfg = Release|Any CPU
		{82DCD576-3808-3154-F34E-E06787624148}.Release|Any CPU.Build.0 = Release|Any CPU
		{E8363577-37B9-F95E-0BCA-B8BC378A90FF}.Debug|Any CPU.ActiveCfg = Debug|Any CPU
		{E8363577-37B9-F95E-0BCA-B8BC378A90FF}.Debug|Any CPU.Build.0 = Debug|Any CPU
		{E8363577-37B9-F95E-0BCA-B8BC378A90FF}.Release|Any CPU.ActiveCfg = Release|Any CPU
		{E8363577-37B9-F95E-0BCA-B8BC378A90FF}.Release|Any CPU.Build.0 = Release|Any CPU
		{DA2DBFDD-A499-5ACB-7732-9917C52AC186}.Debug|Any CPU.ActiveCfg = Debug|Any CPU
		{DA2DBFDD-A499-5ACB-7732-9917C52AC186}.Debug|Any CPU.Build.0 = Debug|Any CPU
		{DA2DBFDD-A499-5ACB-7732-9917C52AC186}.Release|Any CPU.ActiveCfg = Release|Any CPU
		{DA2DBFDD-A499-5ACB-7732-9917C52AC186}.Release|Any CPU.Build.0 = Release|Any CPU
		{33ADB411-7B11-EDD1-1C2C-EB1CD3A5D2C7}.Debug|Any CPU.ActiveCfg = Debug|Any CPU
		{33ADB411-7B11-EDD1-1C2C-EB1CD3A5D2C7}.Debug|Any CPU.Build.0 = Debug|Any CPU
		{33ADB411-7B11-EDD1-1C2C-EB1CD3A5D2C7}.Release|Any CPU.ActiveCfg = Release|Any CPU
		{33ADB411-7B11-EDD1-1C2C-EB1CD3A5D2C7}.Release|Any CPU.Build.0 = Release|Any CPU
		{4575B5AE-90D2-DED7-90CD-263F39934A57}.Debug|Any CPU.ActiveCfg = Debug|Any CPU
		{4575B5AE-90D2-DED7-90CD-263F39934A57}.Debug|Any CPU.Build.0 = Debug|Any CPU
		{4575B5AE-90D2-DED7-90CD-263F39934A57}.Release|Any CPU.ActiveCfg = Release|Any CPU
		{4575B5AE-90D2-DED7-90CD-263F39934A57}.Release|Any CPU.Build.0 = Release|Any CPU
		{F7C8536F-7D6E-27F2-6784-4CA63D551A73}.Debug|Any CPU.ActiveCfg = Debug|Any CPU
		{F7C8536F-7D6E-27F2-6784-4CA63D551A73}.Debug|Any CPU.Build.0 = Debug|Any CPU
		{F7C8536F-7D6E-27F2-6784-4CA63D551A73}.Release|Any CPU.ActiveCfg = Release|Any CPU
		{F7C8536F-7D6E-27F2-6784-4CA63D551A73}.Release|Any CPU.Build.0 = Release|Any CPU
		{BB0E85AB-CFBF-D0DB-B7BE-00BEBBC8CDAB}.Debug|Any CPU.ActiveCfg = Debug|Any CPU
		{BB0E85AB-CFBF-D0DB-B7BE-00BEBBC8CDAB}.Debug|Any CPU.Build.0 = Debug|Any CPU
		{BB0E85AB-CFBF-D0DB-B7BE-00BEBBC8CDAB}.Release|Any CPU.ActiveCfg = Release|Any CPU
		{BB0E85AB-CFBF-D0DB-B7BE-00BEBBC8CDAB}.Release|Any CPU.Build.0 = Release|Any CPU
		{6F824858-CF9D-D330-C82F-42B7F908E9FC}.Debug|Any CPU.ActiveCfg = Debug|Any CPU
		{6F824858-CF9D-D330-C82F-42B7F908E9FC}.Debug|Any CPU.Build.0 = Debug|Any CPU
		{6F824858-CF9D-D330-C82F-42B7F908E9FC}.Release|Any CPU.ActiveCfg = Release|Any CPU
		{6F824858-CF9D-D330-C82F-42B7F908E9FC}.Release|Any CPU.Build.0 = Release|Any CPU
		{FB2778D5-DD6D-71AD-DC9F-9B2ABF08BAAA}.Debug|Any CPU.ActiveCfg = Debug|Any CPU
		{FB2778D5-DD6D-71AD-DC9F-9B2ABF08BAAA}.Debug|Any CPU.Build.0 = Debug|Any CPU
		{FB2778D5-DD6D-71AD-DC9F-9B2ABF08BAAA}.Release|Any CPU.ActiveCfg = Release|Any CPU
		{FB2778D5-DD6D-71AD-DC9F-9B2ABF08BAAA}.Release|Any CPU.Build.0 = Release|Any CPU
		{63B04653-6F8F-E05F-103C-4D0C1FBF404D}.Debug|Any CPU.ActiveCfg = Debug|Any CPU
		{63B04653-6F8F-E05F-103C-4D0C1FBF404D}.Debug|Any CPU.Build.0 = Debug|Any CPU
		{63B04653-6F8F-E05F-103C-4D0C1FBF404D}.Release|Any CPU.ActiveCfg = Release|Any CPU
		{63B04653-6F8F-E05F-103C-4D0C1FBF404D}.Release|Any CPU.Build.0 = Release|Any CPU
		{C3AC380A-F511-4A99-4DAD-12FC5081E506}.Debug|Any CPU.ActiveCfg = Debug|Any CPU
		{C3AC380A-F511-4A99-4DAD-12FC5081E506}.Debug|Any CPU.Build.0 = Debug|Any CPU
		{C3AC380A-F511-4A99-4DAD-12FC5081E506}.Release|Any CPU.ActiveCfg = Release|Any CPU
		{C3AC380A-F511-4A99-4DAD-12FC5081E506}.Release|Any CPU.Build.0 = Release|Any CPU
		{62D0FB29-FF81-893B-F0F7-034C4ACB62F6}.Debug|Any CPU.ActiveCfg = Debug|Any CPU
		{62D0FB29-FF81-893B-F0F7-034C4ACB62F6}.Debug|Any CPU.Build.0 = Debug|Any CPU
		{62D0FB29-FF81-893B-F0F7-034C4ACB62F6}.Release|Any CPU.ActiveCfg = Release|Any CPU
		{62D0FB29-FF81-893B-F0F7-034C4ACB62F6}.Release|Any CPU.Build.0 = Release|Any CPU
		{E1E2398B-BDE2-0AED-33D0-30EA7365B732}.Debug|Any CPU.ActiveCfg = Debug|Any CPU
		{E1E2398B-BDE2-0AED-33D0-30EA7365B732}.Debug|Any CPU.Build.0 = Debug|Any CPU
		{E1E2398B-BDE2-0AED-33D0-30EA7365B732}.Release|Any CPU.ActiveCfg = Release|Any CPU
		{E1E2398B-BDE2-0AED-33D0-30EA7365B732}.Release|Any CPU.Build.0 = Release|Any CPU
		{A02A26D3-B9DC-6F4D-D2EB-0FABEA8F8698}.Debug|Any CPU.ActiveCfg = Debug|Any CPU
		{A02A26D3-B9DC-6F4D-D2EB-0FABEA8F8698}.Debug|Any CPU.Build.0 = Debug|Any CPU
		{A02A26D3-B9DC-6F4D-D2EB-0FABEA8F8698}.Release|Any CPU.ActiveCfg = Release|Any CPU
		{A02A26D3-B9DC-6F4D-D2EB-0FABEA8F8698}.Release|Any CPU.Build.0 = Release|Any CPU
		{1C993B33-6B01-FB3F-F9B4-8654B20A8296}.Debug|Any CPU.ActiveCfg = Debug|Any CPU
		{1C993B33-6B01-FB3F-F9B4-8654B20A8296}.Debug|Any CPU.Build.0 = Debug|Any CPU
		{1C993B33-6B01-FB3F-F9B4-8654B20A8296}.Release|Any CPU.ActiveCfg = Release|Any CPU
		{1C993B33-6B01-FB3F-F9B4-8654B20A8296}.Release|Any CPU.Build.0 = Release|Any CPU
		{5EDBF63A-15FB-8806-053C-F483918B1450}.Debug|Any CPU.ActiveCfg = Debug|Any CPU
		{5EDBF63A-15FB-8806-053C-F483918B1450}.Debug|Any CPU.Build.0 = Debug|Any CPU
		{5EDBF63A-15FB-8806-053C-F483918B1450}.Release|Any CPU.ActiveCfg = Release|Any CPU
		{5EDBF63A-15FB-8806-053C-F483918B1450}.Release|Any CPU.Build.0 = Release|Any CPU
		{3070352D-8E23-EF3C-3DF4-825F5B880E35}.Debug|Any CPU.ActiveCfg = Debug|Any CPU
		{3070352D-8E23-EF3C-3DF4-825F5B880E35}.Debug|Any CPU.Build.0 = Debug|Any CPU
		{3070352D-8E23-EF3C-3DF4-825F5B880E35}.Release|Any CPU.ActiveCfg = Release|Any CPU
		{3070352D-8E23-EF3C-3DF4-825F5B880E35}.Release|Any CPU.Build.0 = Release|Any CPU
		{EA58C9A6-9F8F-06C8-813E-2EF55C639C83}.Debug|Any CPU.ActiveCfg = Debug|Any CPU
		{EA58C9A6-9F8F-06C8-813E-2EF55C639C83}.Debug|Any CPU.Build.0 = Debug|Any CPU
		{EA58C9A6-9F8F-06C8-813E-2EF55C639C83}.Release|Any CPU.ActiveCfg = Release|Any CPU
		{EA58C9A6-9F8F-06C8-813E-2EF55C639C83}.Release|Any CPU.Build.0 = Release|Any CPU
		{B96B5D27-3ABB-190C-61D9-7769DA33F68D}.Debug|Any CPU.ActiveCfg = Debug|Any CPU
		{B96B5D27-3ABB-190C-61D9-7769DA33F68D}.Debug|Any CPU.Build.0 = Debug|Any CPU
		{B96B5D27-3ABB-190C-61D9-7769DA33F68D}.Release|Any CPU.ActiveCfg = Release|Any CPU
		{B96B5D27-3ABB-190C-61D9-7769DA33F68D}.Release|Any CPU.Build.0 = Release|Any CPU
		{9588A16D-88F8-2894-A57C-53AC64213663}.Debug|Any CPU.ActiveCfg = Debug|Any CPU
		{9588A16D-88F8-2894-A57C-53AC64213663}.Debug|Any CPU.Build.0 = Debug|Any CPU
		{9588A16D-88F8-2894-A57C-53AC64213663}.Release|Any CPU.ActiveCfg = Release|Any CPU
		{9588A16D-88F8-2894-A57C-53AC64213663}.Release|Any CPU.Build.0 = Release|Any CPU
		{2361812E-5B6C-CDA8-0643-C574C4B3C358}.Debug|Any CPU.ActiveCfg = Debug|Any CPU
		{2361812E-5B6C-CDA8-0643-C574C4B3C358}.Debug|Any CPU.Build.0 = Debug|Any CPU
		{2361812E-5B6C-CDA8-0643-C574C4B3C358}.Release|Any CPU.ActiveCfg = Release|Any CPU
		{2361812E-5B6C-CDA8-0643-C574C4B3C358}.Release|Any CPU.Build.0 = Release|Any CPU
		{5BB0588C-47EE-52AF-047B-16B8E98E4F07}.Debug|Any CPU.ActiveCfg = Debug|Any CPU
		{5BB0588C-47EE-52AF-047B-16B8E98E4F07}.Debug|Any CPU.Build.0 = Debug|Any CPU
		{5BB0588C-47EE-52AF-047B-16B8E98E4F07}.Release|Any CPU.ActiveCfg = Release|Any CPU
		{5BB0588C-47EE-52AF-047B-16B8E98E4F07}.Release|Any CPU.Build.0 = Release|Any CPU
		{D4EA46CF-1B45-3AD1-3C89-83FD06C6204E}.Debug|Any CPU.ActiveCfg = Debug|Any CPU
		{D4EA46CF-1B45-3AD1-3C89-83FD06C6204E}.Debug|Any CPU.Build.0 = Debug|Any CPU
		{D4EA46CF-1B45-3AD1-3C89-83FD06C6204E}.Release|Any CPU.ActiveCfg = Release|Any CPU
		{D4EA46CF-1B45-3AD1-3C89-83FD06C6204E}.Release|Any CPU.Build.0 = Release|Any CPU
		{AEBB3574-1DA4-67F0-0F57-E64A7423CE34}.Debug|Any CPU.ActiveCfg = Debug|Any CPU
		{AEBB3574-1DA4-67F0-0F57-E64A7423CE34}.Debug|Any CPU.Build.0 = Debug|Any CPU
		{AEBB3574-1DA4-67F0-0F57-E64A7423CE34}.Release|Any CPU.ActiveCfg = Release|Any CPU
		{AEBB3574-1DA4-67F0-0F57-E64A7423CE34}.Release|Any CPU.Build.0 = Release|Any CPU
		{96FC6D36-6BF0-C3C6-BB9B-1B1DDB049F62}.Debug|Any CPU.ActiveCfg = Debug|Any CPU
		{96FC6D36-6BF0-C3C6-BB9B-1B1DDB049F62}.Debug|Any CPU.Build.0 = Debug|Any CPU
		{96FC6D36-6BF0-C3C6-BB9B-1B1DDB049F62}.Release|Any CPU.ActiveCfg = Release|Any CPU
		{96FC6D36-6BF0-C3C6-BB9B-1B1DDB049F62}.Release|Any CPU.Build.0 = Release|Any CPU
		{110174FC-DA55-B0BA-B63C-00D94C20E17B}.Debug|Any CPU.ActiveCfg = Debug|Any CPU
		{110174FC-DA55-B0BA-B63C-00D94C20E17B}.Debug|Any CPU.Build.0 = Debug|Any CPU
		{110174FC-DA55-B0BA-B63C-00D94C20E17B}.Release|Any CPU.ActiveCfg = Release|Any CPU
		{110174FC-DA55-B0BA-B63C-00D94C20E17B}.Release|Any CPU.Build.0 = Release|Any CPU
		{A8A9431D-C5A9-3B44-0829-9B076BB8B995}.Debug|Any CPU.ActiveCfg = Debug|Any CPU
		{A8A9431D-C5A9-3B44-0829-9B076BB8B995}.Debug|Any CPU.Build.0 = Debug|Any CPU
		{A8A9431D-C5A9-3B44-0829-9B076BB8B995}.Release|Any CPU.ActiveCfg = Release|Any CPU
		{A8A9431D-C5A9-3B44-0829-9B076BB8B995}.Release|Any CPU.Build.0 = Release|Any CPU
		{AD107979-33E0-9EB7-CC6E-293F7A2B9CCA}.Debug|Any CPU.ActiveCfg = Debug|Any CPU
		{AD107979-33E0-9EB7-CC6E-293F7A2B9CCA}.Debug|Any CPU.Build.0 = Debug|Any CPU
		{AD107979-33E0-9EB7-CC6E-293F7A2B9CCA}.Release|Any CPU.ActiveCfg = Release|Any CPU
		{AD107979-33E0-9EB7-CC6E-293F7A2B9CCA}.Release|Any CPU.Build.0 = Release|Any CPU
		{9A2B4E2E-3020-2224-C4DB-EDB0EEB61643}.Debug|Any CPU.ActiveCfg = Debug|Any CPU
		{9A2B4E2E-3020-2224-C4DB-EDB0EEB61643}.Debug|Any CPU.Build.0 = Debug|Any CPU
		{9A2B4E2E-3020-2224-C4DB-EDB0EEB61643}.Release|Any CPU.ActiveCfg = Release|Any CPU
		{9A2B4E2E-3020-2224-C4DB-EDB0EEB61643}.Release|Any CPU.Build.0 = Release|Any CPU
		{EAB2104F-96F4-3870-7FC4-2689F222443D}.Debug|Any CPU.ActiveCfg = Debug|Any CPU
		{EAB2104F-96F4-3870-7FC4-2689F222443D}.Debug|Any CPU.Build.0 = Debug|Any CPU
		{EAB2104F-96F4-3870-7FC4-2689F222443D}.Release|Any CPU.ActiveCfg = Release|Any CPU
		{EAB2104F-96F4-3870-7FC4-2689F222443D}.Release|Any CPU.Build.0 = Release|Any CPU
	EndGlobalSection
	GlobalSection(SolutionProperties) = preSolution
		HideSolutionNode = FALSE
	EndGlobalSection
EndGlobal
